// !$*UTF8*$!
{
	archiveVersion = 1;
	classes = {
	};
	objectVersion = 46;
	objects = {

/* Begin PBXBuildFile section */
		CBC8488917B8C8AB006EE867 /* CoreGraphics.framework in Frameworks */ = {isa = PBXBuildFile; fileRef = CBC8488817B8C8AB006EE867 /* CoreGraphics.framework */; };
		CBC8488B17B8C8AB006EE867 /* Foundation.framework in Frameworks */ = {isa = PBXBuildFile; fileRef = CBC8488A17B8C8AB006EE867 /* Foundation.framework */; };
		CBC8488D17B8C8AB006EE867 /* OpenGLES.framework in Frameworks */ = {isa = PBXBuildFile; fileRef = CBC8488C17B8C8AB006EE867 /* OpenGLES.framework */; };
		CBC8488F17B8C8AB006EE867 /* QuartzCore.framework in Frameworks */ = {isa = PBXBuildFile; fileRef = CBC8488E17B8C8AB006EE867 /* QuartzCore.framework */; };
		CBC8489117B8C8AB006EE867 /* UIKit.framework in Frameworks */ = {isa = PBXBuildFile; fileRef = CBC8489017B8C8AB006EE867 /* UIKit.framework */; };
		CBC8489817B8C8AB006EE867 /* InfoPlist.strings in Resources */ = {isa = PBXBuildFile; fileRef = CBC8489617B8C8AB006EE867 /* InfoPlist.strings */; };
		CBC8489A17B8C8AB006EE867 /* main.mm in Sources */ = {isa = PBXBuildFile; fileRef = CBC8489917B8C8AB006EE867 /* main.mm */; };
		CBC8489E17B8C8AB006EE867 /* OgreDemoApp.cpp in Sources */ = {isa = PBXBuildFile; fileRef = CBC8489D17B8C8AB006EE867 /* OgreDemoApp.cpp */; };
		CBC848A117B8C8AB006EE867 /* OgreFramework.cpp in Sources */ = {isa = PBXBuildFile; fileRef = CBC848A017B8C8AB006EE867 /* OgreFramework.cpp */; };
		CBC848EA17B8C8AC006EE867 /* ogre.cfg in Resources */ = {isa = PBXBuildFile; fileRef = CBC848E917B8C8AC006EE867 /* ogre.cfg */; };
		CBC848EC17B8C8AC006EE867 /* plugins.cfg in Resources */ = {isa = PBXBuildFile; fileRef = CBC848EB17B8C8AC006EE867 /* plugins.cfg */; };
		CBC848EE17B8C8AC006EE867 /* resources.cfg in Resources */ = {isa = PBXBuildFile; fileRef = CBC848ED17B8C8AC006EE867 /* resources.cfg */; };
		CBC848F817B8CE41006EE867 /* AppDelegate.mm in Sources */ = {isa = PBXBuildFile; fileRef = CBC848F717B8CE41006EE867 /* AppDelegate.mm */; };
/* End PBXBuildFile section */

/* Begin PBXFileReference section */
		CBC8488517B8C8AB006EE867 /* OgreExistingView.app */ = {isa = PBXFileReference; explicitFileType = wrapper.application; includeInIndex = 0; path = OgreExistingView.app; sourceTree = BUILT_PRODUCTS_DIR; };
		CBC8488817B8C8AB006EE867 /* CoreGraphics.framework */ = {isa = PBXFileReference; lastKnownFileType = wrapper.framework; name = CoreGraphics.framework; path = System/Library/Frameworks/CoreGraphics.framework; sourceTree = SDKROOT; };
		CBC8488A17B8C8AB006EE867 /* Foundation.framework */ = {isa = PBXFileReference; lastKnownFileType = wrapper.framework; name = Foundation.framework; path = System/Library/Frameworks/Foundation.framework; sourceTree = SDKROOT; };
		CBC8488C17B8C8AB006EE867 /* OpenGLES.framework */ = {isa = PBXFileReference; lastKnownFileType = wrapper.framework; name = OpenGLES.framework; path = System/Library/Frameworks/OpenGLES.framework; sourceTree = SDKROOT; };
		CBC8488E17B8C8AB006EE867 /* QuartzCore.framework */ = {isa = PBXFileReference; lastKnownFileType = wrapper.framework; name = QuartzCore.framework; path = System/Library/Frameworks/QuartzCore.framework; sourceTree = SDKROOT; };
		CBC8489017B8C8AB006EE867 /* UIKit.framework */ = {isa = PBXFileReference; lastKnownFileType = wrapper.framework; name = UIKit.framework; path = System/Library/Frameworks/UIKit.framework; sourceTree = SDKROOT; };
		CBC8489417B8C8AB006EE867 /* OgreExistingView-Prefix.pch */ = {isa = PBXFileReference; lastKnownFileType = sourcecode.c.h; path = "OgreExistingView-Prefix.pch"; sourceTree = "<group>"; };
		CBC8489517B8C8AB006EE867 /* OgreExistingView-Info.plist */ = {isa = PBXFileReference; lastKnownFileType = text.plist.xml; path = "OgreExistingView-Info.plist"; sourceTree = "<group>"; };
		CBC8489717B8C8AB006EE867 /* en */ = {isa = PBXFileReference; lastKnownFileType = text.plist.strings; name = en; path = en.lproj/InfoPlist.strings; sourceTree = "<group>"; };
		CBC8489917B8C8AB006EE867 /* main.mm */ = {isa = PBXFileReference; lastKnownFileType = sourcecode.cpp.objcpp; path = main.mm; sourceTree = "<group>"; };
		CBC8489C17B8C8AB006EE867 /* AppDelegate.h */ = {isa = PBXFileReference; lastKnownFileType = sourcecode.c.h; path = AppDelegate.h; sourceTree = "<group>"; };
		CBC8489D17B8C8AB006EE867 /* OgreDemoApp.cpp */ = {isa = PBXFileReference; lastKnownFileType = sourcecode.cpp.cpp; path = OgreDemoApp.cpp; sourceTree = "<group>"; };
		CBC8489F17B8C8AB006EE867 /* OgreDemoApp.h */ = {isa = PBXFileReference; lastKnownFileType = sourcecode.c.h; path = OgreDemoApp.h; sourceTree = "<group>"; };
		CBC848A017B8C8AB006EE867 /* OgreFramework.cpp */ = {isa = PBXFileReference; lastKnownFileType = sourcecode.cpp.cpp; path = OgreFramework.cpp; sourceTree = "<group>"; };
		CBC848A217B8C8AB006EE867 /* OgreFramework.h */ = {isa = PBXFileReference; lastKnownFileType = sourcecode.c.h; path = OgreFramework.h; sourceTree = "<group>"; };
		CBC848A317B8C8AB006EE867 /* OgreStaticPluginLoader.h */ = {isa = PBXFileReference; lastKnownFileType = sourcecode.c.h; path = OgreStaticPluginLoader.h; sourceTree = "<group>"; };
		CBC848A817B8C8AC006EE867 /* Examples.material */ = {isa = PBXFileReference; lastKnownFileType = text; path = Examples.material; sourceTree = "<group>"; };
		CBC848A917B8C8AC006EE867 /* Ogre.material */ = {isa = PBXFileReference; lastKnownFileType = text; path = Ogre.material; sourceTree = "<group>"; };
		CBC848AB17B8C8AC006EE867 /* GreenSkin.jpg */ = {isa = PBXFileReference; lastKnownFileType = image.jpeg; path = GreenSkin.jpg; sourceTree = "<group>"; };
		CBC848AC17B8C8AC006EE867 /* spheremap.png */ = {isa = PBXFileReference; lastKnownFileType = image.png; path = spheremap.png; sourceTree = "<group>"; };
		CBC848AD17B8C8AC006EE867 /* tusk.jpg */ = {isa = PBXFileReference; lastKnownFileType = image.jpeg; path = tusk.jpg; sourceTree = "<group>"; };
		CBC848AF17B8C8AC006EE867 /* ogrehead.mesh */ = {isa = PBXFileReference; lastKnownFileType = file; path = ogrehead.mesh; sourceTree = "<group>"; };
		CBC848B117B8C8AC006EE867 /* cubemap.zip */ = {isa = PBXFileReference; lastKnownFileType = archive.zip; path = cubemap.zip; sourceTree = "<group>"; };
		CBC848B217B8C8AC006EE867 /* cubemapsJS.zip */ = {isa = PBXFileReference; lastKnownFileType = archive.zip; path = cubemapsJS.zip; sourceTree = "<group>"; };
		CBC848B317B8C8AC006EE867 /* SdkTrays.zip */ = {isa = PBXFileReference; lastKnownFileType = archive.zip; path = SdkTrays.zip; sourceTree = "<group>"; };
		CBC848B417B8C8AC006EE867 /* skybox.zip */ = {isa = PBXFileReference; lastKnownFileType = archive.zip; path = skybox.zip; sourceTree = "<group>"; };
		CBC848B617B8C8AC006EE867 /* FFPLib_Common.cg */ = {isa = PBXFileReference; lastKnownFileType = text; path = FFPLib_Common.cg; sourceTree = "<group>"; };
		CBC848B717B8C8AC006EE867 /* FFPLib_Common.glsl */ = {isa = PBXFileReference; lastKnownFileType = text; path = FFPLib_Common.glsl; sourceTree = "<group>"; };
		CBC848B817B8C8AC006EE867 /* FFPLib_Common.glsles */ = {isa = PBXFileReference; lastKnownFileType = text; path = FFPLib_Common.glsles; sourceTree = "<group>"; };
		CBC848B917B8C8AC006EE867 /* FFPLib_Common.hlsl */ = {isa = PBXFileReference; lastKnownFileType = text; path = FFPLib_Common.hlsl; sourceTree = "<group>"; };
		CBC848BA17B8C8AC006EE867 /* FFPLib_Fog.cg */ = {isa = PBXFileReference; lastKnownFileType = text; path = FFPLib_Fog.cg; sourceTree = "<group>"; };
		CBC848BB17B8C8AC006EE867 /* FFPLib_Fog.glsl */ = {isa = PBXFileReference; lastKnownFileType = text; path = FFPLib_Fog.glsl; sourceTree = "<group>"; };
		CBC848BC17B8C8AC006EE867 /* FFPLib_Fog.glsles */ = {isa = PBXFileReference; lastKnownFileType = text; path = FFPLib_Fog.glsles; sourceTree = "<group>"; };
		CBC848BD17B8C8AC006EE867 /* FFPLib_Fog.hlsl */ = {isa = PBXFileReference; lastKnownFileType = text; path = FFPLib_Fog.hlsl; sourceTree = "<group>"; };
		CBC848BE17B8C8AC006EE867 /* FFPLib_Lighting.cg */ = {isa = PBXFileReference; lastKnownFileType = text; path = FFPLib_Lighting.cg; sourceTree = "<group>"; };
		CBC848BF17B8C8AC006EE867 /* FFPLib_Lighting.glsl */ = {isa = PBXFileReference; lastKnownFileType = text; path = FFPLib_Lighting.glsl; sourceTree = "<group>"; };
		CBC848C017B8C8AC006EE867 /* FFPLib_Lighting.glsles */ = {isa = PBXFileReference; lastKnownFileType = text; path = FFPLib_Lighting.glsles; sourceTree = "<group>"; };
		CBC848C117B8C8AC006EE867 /* FFPLib_Lighting.hlsl */ = {isa = PBXFileReference; lastKnownFileType = text; path = FFPLib_Lighting.hlsl; sourceTree = "<group>"; };
		CBC848C217B8C8AC006EE867 /* FFPLib_Texturing.cg */ = {isa = PBXFileReference; lastKnownFileType = text; path = FFPLib_Texturing.cg; sourceTree = "<group>"; };
		CBC848C317B8C8AC006EE867 /* FFPLib_Texturing.glsl */ = {isa = PBXFileReference; lastKnownFileType = text; path = FFPLib_Texturing.glsl; sourceTree = "<group>"; };
		CBC848C417B8C8AC006EE867 /* FFPLib_Texturing.glsles */ = {isa = PBXFileReference; lastKnownFileType = text; path = FFPLib_Texturing.glsles; sourceTree = "<group>"; };
		CBC848C517B8C8AC006EE867 /* FFPLib_Texturing.hlsl */ = {isa = PBXFileReference; lastKnownFileType = text; path = FFPLib_Texturing.hlsl; sourceTree = "<group>"; };
		CBC848C617B8C8AC006EE867 /* FFPLib_Transform.cg */ = {isa = PBXFileReference; lastKnownFileType = text; path = FFPLib_Transform.cg; sourceTree = "<group>"; };
		CBC848C717B8C8AC006EE867 /* FFPLib_Transform.glsl */ = {isa = PBXFileReference; lastKnownFileType = text; path = FFPLib_Transform.glsl; sourceTree = "<group>"; };
		CBC848C817B8C8AC006EE867 /* FFPLib_Transform.glsles */ = {isa = PBXFileReference; lastKnownFileType = text; path = FFPLib_Transform.glsles; sourceTree = "<group>"; };
		CBC848C917B8C8AC006EE867 /* FFPLib_Transform.hlsl */ = {isa = PBXFileReference; lastKnownFileType = text; path = FFPLib_Transform.hlsl; sourceTree = "<group>"; };
		CBC848CB17B8C8AC006EE867 /* HardwareSkinningShadow.cg */ = {isa = PBXFileReference; lastKnownFileType = text; path = HardwareSkinningShadow.cg; sourceTree = "<group>"; };
		CBC848CC17B8C8AC006EE867 /* HardwareSkinningShadow.material */ = {isa = PBXFileReference; lastKnownFileType = text; path = HardwareSkinningShadow.material; sourceTree = "<group>"; };
		CBC848CD17B8C8AC006EE867 /* RTShaderSystem.material */ = {isa = PBXFileReference; lastKnownFileType = text; path = RTShaderSystem.material; sourceTree = "<group>"; };
		CBC848CE17B8C8AC006EE867 /* SampleLib_InstancedViewports.cg */ = {isa = PBXFileReference; lastKnownFileType = text; path = SampleLib_InstancedViewports.cg; sourceTree = "<group>"; };
		CBC848CF17B8C8AC006EE867 /* SampleLib_InstancedViewports.glsl */ = {isa = PBXFileReference; lastKnownFileType = text; path = SampleLib_InstancedViewports.glsl; sourceTree = "<group>"; };
		CBC848D017B8C8AC006EE867 /* SampleLib_InstancedViewports.hlsl */ = {isa = PBXFileReference; lastKnownFileType = text; path = SampleLib_InstancedViewports.hlsl; sourceTree = "<group>"; };
		CBC848D117B8C8AC006EE867 /* SampleLib_ReflectionMap.cg */ = {isa = PBXFileReference; lastKnownFileType = text; path = SampleLib_ReflectionMap.cg; sourceTree = "<group>"; };
		CBC848D217B8C8AC006EE867 /* SampleLib_ReflectionMap.glsl */ = {isa = PBXFileReference; lastKnownFileType = text; path = SampleLib_ReflectionMap.glsl; sourceTree = "<group>"; };
		CBC848D317B8C8AC006EE867 /* SampleLib_ReflectionMap.glsles */ = {isa = PBXFileReference; lastKnownFileType = text; path = SampleLib_ReflectionMap.glsles; sourceTree = "<group>"; };
		CBC848D417B8C8AC006EE867 /* SampleLib_ReflectionMap.hlsl */ = {isa = PBXFileReference; lastKnownFileType = text; path = SampleLib_ReflectionMap.hlsl; sourceTree = "<group>"; };
		CBC848D517B8C8AC006EE867 /* SGXLib_IntegratedPSSM.cg */ = {isa = PBXFileReference; lastKnownFileType = text; path = SGXLib_IntegratedPSSM.cg; sourceTree = "<group>"; };
		CBC848D617B8C8AC006EE867 /* SGXLib_IntegratedPSSM.glsl */ = {isa = PBXFileReference; lastKnownFileType = text; path = SGXLib_IntegratedPSSM.glsl; sourceTree = "<group>"; };
		CBC848D717B8C8AC006EE867 /* SGXLib_IntegratedPSSM.glsles */ = {isa = PBXFileReference; lastKnownFileType = text; path = SGXLib_IntegratedPSSM.glsles; sourceTree = "<group>"; };
		CBC848D817B8C8AC006EE867 /* SGXLib_IntegratedPSSM.hlsl */ = {isa = PBXFileReference; lastKnownFileType = text; path = SGXLib_IntegratedPSSM.hlsl; sourceTree = "<group>"; };
		CBC848D917B8C8AC006EE867 /* SGXLib_LayeredBlending.cg */ = {isa = PBXFileReference; lastKnownFileType = text; path = SGXLib_LayeredBlending.cg; sourceTree = "<group>"; };
		CBC848DA17B8C8AC006EE867 /* SGXLib_LayeredBlending.glsl */ = {isa = PBXFileReference; lastKnownFileType = text; path = SGXLib_LayeredBlending.glsl; sourceTree = "<group>"; };
		CBC848DB17B8C8AC006EE867 /* SGXLib_LayeredBlending.glsles */ = {isa = PBXFileReference; lastKnownFileType = text; path = SGXLib_LayeredBlending.glsles; sourceTree = "<group>"; };
		CBC848DC17B8C8AC006EE867 /* SGXLib_LayeredBlending.hlsl */ = {isa = PBXFileReference; lastKnownFileType = text; path = SGXLib_LayeredBlending.hlsl; sourceTree = "<group>"; };
		CBC848DD17B8C8AC006EE867 /* SGXLib_NormalMapLighting.cg */ = {isa = PBXFileReference; lastKnownFileType = text; path = SGXLib_NormalMapLighting.cg; sourceTree = "<group>"; };
		CBC848DE17B8C8AC006EE867 /* SGXLib_NormalMapLighting.glsl */ = {isa = PBXFileReference; lastKnownFileType = text; path = SGXLib_NormalMapLighting.glsl; sourceTree = "<group>"; };
		CBC848DF17B8C8AC006EE867 /* SGXLib_NormalMapLighting.glsles */ = {isa = PBXFileReference; lastKnownFileType = text; path = SGXLib_NormalMapLighting.glsles; sourceTree = "<group>"; };
		CBC848E017B8C8AC006EE867 /* SGXLib_NormalMapLighting.hlsl */ = {isa = PBXFileReference; lastKnownFileType = text; path = SGXLib_NormalMapLighting.hlsl; sourceTree = "<group>"; };
		CBC848E117B8C8AC006EE867 /* SGXLib_PerPixelLighting.cg */ = {isa = PBXFileReference; lastKnownFileType = text; path = SGXLib_PerPixelLighting.cg; sourceTree = "<group>"; };
		CBC848E217B8C8AC006EE867 /* SGXLib_PerPixelLighting.glsl */ = {isa = PBXFileReference; lastKnownFileType = text; path = SGXLib_PerPixelLighting.glsl; sourceTree = "<group>"; };
		CBC848E317B8C8AC006EE867 /* SGXLib_PerPixelLighting.glsles */ = {isa = PBXFileReference; lastKnownFileType = text; path = SGXLib_PerPixelLighting.glsles; sourceTree = "<group>"; };
		CBC848E417B8C8AC006EE867 /* SGXLib_PerPixelLighting.hlsl */ = {isa = PBXFileReference; lastKnownFileType = text; path = SGXLib_PerPixelLighting.hlsl; sourceTree = "<group>"; };
		CBC848E517B8C8AC006EE867 /* SGXLib_TextureAtlas.cg */ = {isa = PBXFileReference; lastKnownFileType = text; path = SGXLib_TextureAtlas.cg; sourceTree = "<group>"; };
		CBC848E617B8C8AC006EE867 /* SGXLib_TextureAtlas.glsl */ = {isa = PBXFileReference; lastKnownFileType = text; path = SGXLib_TextureAtlas.glsl; sourceTree = "<group>"; };
		CBC848E717B8C8AC006EE867 /* SGXLib_TextureAtlas.glsles */ = {isa = PBXFileReference; lastKnownFileType = text; path = SGXLib_TextureAtlas.glsles; sourceTree = "<group>"; };
		CBC848E817B8C8AC006EE867 /* SGXLib_TextureAtlas.hlsl */ = {isa = PBXFileReference; lastKnownFileType = folder; name = SGXLib_TextureAtlas.hlsl; path = ..; sourceTree = "<group>"; };
		CBC848E917B8C8AC006EE867 /* ogre.cfg */ = {isa = PBXFileReference; lastKnownFileType = text; path = ogre.cfg; sourceTree = "<group>"; };
		CBC848EB17B8C8AC006EE867 /* plugins.cfg */ = {isa = PBXFileReference; lastKnownFileType = text; path = plugins.cfg; sourceTree = "<group>"; };
		CBC848ED17B8C8AC006EE867 /* resources.cfg */ = {isa = PBXFileReference; lastKnownFileType = text; path = resources.cfg; sourceTree = "<group>"; };
		CBC848F717B8CE41006EE867 /* AppDelegate.mm */ = {isa = PBXFileReference; fileEncoding = 4; lastKnownFileType = sourcecode.cpp.objcpp; path = AppDelegate.mm; sourceTree = "<group>"; };
/* End PBXFileReference section */

/* Begin PBXFrameworksBuildPhase section */
		CBC8488117B8C8AB006EE867 /* Frameworks */ = {
			isa = PBXFrameworksBuildPhase;
			buildActionMask = 2147483647;
			files = (
				CBC8488917B8C8AB006EE867 /* CoreGraphics.framework in Frameworks */,
				CBC8488B17B8C8AB006EE867 /* Foundation.framework in Frameworks */,
				CBC8488D17B8C8AB006EE867 /* OpenGLES.framework in Frameworks */,
				CBC8488F17B8C8AB006EE867 /* QuartzCore.framework in Frameworks */,
				CBC8489117B8C8AB006EE867 /* UIKit.framework in Frameworks */,
			);
			runOnlyForDeploymentPostprocessing = 0;
		};
/* End PBXFrameworksBuildPhase section */

/* Begin PBXGroup section */
		CBC8487B17B8C8AB006EE867 = {
			isa = PBXGroup;
			children = (
				CBC8489217B8C8AB006EE867 /* OgreExistingView */,
				CBC8488717B8C8AB006EE867 /* Frameworks */,
				CBC8488617B8C8AB006EE867 /* Products */,
			);
			sourceTree = "<group>";
		};
		CBC8488617B8C8AB006EE867 /* Products */ = {
			isa = PBXGroup;
			children = (
				CBC8488517B8C8AB006EE867 /* OgreExistingView.app */,
			);
			name = Products;
			sourceTree = "<group>";
		};
		CBC8488717B8C8AB006EE867 /* Frameworks */ = {
			isa = PBXGroup;
			children = (
				CBC8488817B8C8AB006EE867 /* CoreGraphics.framework */,
				CBC8488A17B8C8AB006EE867 /* Foundation.framework */,
				CBC8488C17B8C8AB006EE867 /* OpenGLES.framework */,
				CBC8488E17B8C8AB006EE867 /* QuartzCore.framework */,
				CBC8489017B8C8AB006EE867 /* UIKit.framework */,
			);
			name = Frameworks;
			sourceTree = "<group>";
		};
		CBC8489217B8C8AB006EE867 /* OgreExistingView */ = {
			isa = PBXGroup;
			children = (
				CBC8489917B8C8AB006EE867 /* main.mm */,
				CBC848F617B8CD4E006EE867 /* Host application */,
				CBC8489617B8C8AB006EE867 /* InfoPlist.strings */,
				CBC8489B17B8C8AB006EE867 /* Basic Ogre Framework */,
				CBC848A417B8C8AC006EE867 /* Resources */,
				CBC8489317B8C8AB006EE867 /* Supporting Files */,
			);
			path = OgreExistingView;
			sourceTree = "<group>";
		};
		CBC8489317B8C8AB006EE867 /* Supporting Files */ = {
			isa = PBXGroup;
			children = (
				CBC8489417B8C8AB006EE867 /* OgreExistingView-Prefix.pch */,
				CBC8489517B8C8AB006EE867 /* OgreExistingView-Info.plist */,
			);
			name = "Supporting Files";
			sourceTree = "<group>";
		};
		CBC8489B17B8C8AB006EE867 /* Basic Ogre Framework */ = {
			isa = PBXGroup;
			children = (
				CBC8489D17B8C8AB006EE867 /* OgreDemoApp.cpp */,
				CBC8489F17B8C8AB006EE867 /* OgreDemoApp.h */,
				CBC848A017B8C8AB006EE867 /* OgreFramework.cpp */,
				CBC848A217B8C8AB006EE867 /* OgreFramework.h */,
				CBC848A317B8C8AB006EE867 /* OgreStaticPluginLoader.h */,
			);
			name = "Basic Ogre Framework";
			sourceTree = "<group>";
		};
		CBC848A417B8C8AC006EE867 /* Resources */ = {
			isa = PBXGroup;
			children = (
				CBC848E917B8C8AC006EE867 /* ogre.cfg */,
				CBC848EB17B8C8AC006EE867 /* plugins.cfg */,
				CBC848ED17B8C8AC006EE867 /* resources.cfg */,
				CBC848A517B8C8AC006EE867 /* media */,
			);
			name = Resources;
			sourceTree = "<group>";
		};
		CBC848A517B8C8AC006EE867 /* media */ = {
			isa = PBXGroup;
			children = (
				CBC848A617B8C8AC006EE867 /* materials */,
				CBC848AE17B8C8AC006EE867 /* models */,
				CBC848B017B8C8AC006EE867 /* packs */,
				CBC848B517B8C8AC006EE867 /* RTShaderLib */,
			);
			path = media;
			sourceTree = "<group>";
		};
		CBC848A617B8C8AC006EE867 /* materials */ = {
			isa = PBXGroup;
			children = (
				CBC848A717B8C8AC006EE867 /* scripts */,
				CBC848AA17B8C8AC006EE867 /* textures */,
			);
			path = materials;
			sourceTree = "<group>";
		};
		CBC848A717B8C8AC006EE867 /* scripts */ = {
			isa = PBXGroup;
			children = (
				CBC848A817B8C8AC006EE867 /* Examples.material */,
				CBC848A917B8C8AC006EE867 /* Ogre.material */,
			);
			path = scripts;
			sourceTree = "<group>";
		};
		CBC848AA17B8C8AC006EE867 /* textures */ = {
			isa = PBXGroup;
			children = (
				CBC848AB17B8C8AC006EE867 /* GreenSkin.jpg */,
				CBC848AC17B8C8AC006EE867 /* spheremap.png */,
				CBC848AD17B8C8AC006EE867 /* tusk.jpg */,
			);
			path = textures;
			sourceTree = "<group>";
		};
		CBC848AE17B8C8AC006EE867 /* models */ = {
			isa = PBXGroup;
			children = (
				CBC848AF17B8C8AC006EE867 /* ogrehead.mesh */,
			);
			path = models;
			sourceTree = "<group>";
		};
		CBC848B017B8C8AC006EE867 /* packs */ = {
			isa = PBXGroup;
			children = (
				CBC848B117B8C8AC006EE867 /* cubemap.zip */,
				CBC848B217B8C8AC006EE867 /* cubemapsJS.zip */,
				CBC848B317B8C8AC006EE867 /* SdkTrays.zip */,
				CBC848B417B8C8AC006EE867 /* skybox.zip */,
			);
			path = packs;
			sourceTree = "<group>";
		};
		CBC848B517B8C8AC006EE867 /* RTShaderLib */ = {
			isa = PBXGroup;
			children = (
				CBC848B617B8C8AC006EE867 /* FFPLib_Common.cg */,
				CBC848B717B8C8AC006EE867 /* FFPLib_Common.glsl */,
				CBC848B817B8C8AC006EE867 /* FFPLib_Common.glsles */,
				CBC848B917B8C8AC006EE867 /* FFPLib_Common.hlsl */,
				CBC848BA17B8C8AC006EE867 /* FFPLib_Fog.cg */,
				CBC848BB17B8C8AC006EE867 /* FFPLib_Fog.glsl */,
				CBC848BC17B8C8AC006EE867 /* FFPLib_Fog.glsles */,
				CBC848BD17B8C8AC006EE867 /* FFPLib_Fog.hlsl */,
				CBC848BE17B8C8AC006EE867 /* FFPLib_Lighting.cg */,
				CBC848BF17B8C8AC006EE867 /* FFPLib_Lighting.glsl */,
				CBC848C017B8C8AC006EE867 /* FFPLib_Lighting.glsles */,
				CBC848C117B8C8AC006EE867 /* FFPLib_Lighting.hlsl */,
				CBC848C217B8C8AC006EE867 /* FFPLib_Texturing.cg */,
				CBC848C317B8C8AC006EE867 /* FFPLib_Texturing.glsl */,
				CBC848C417B8C8AC006EE867 /* FFPLib_Texturing.glsles */,
				CBC848C517B8C8AC006EE867 /* FFPLib_Texturing.hlsl */,
				CBC848C617B8C8AC006EE867 /* FFPLib_Transform.cg */,
				CBC848C717B8C8AC006EE867 /* FFPLib_Transform.glsl */,
				CBC848C817B8C8AC006EE867 /* FFPLib_Transform.glsles */,
				CBC848C917B8C8AC006EE867 /* FFPLib_Transform.hlsl */,
				CBC848CA17B8C8AC006EE867 /* materials */,
				CBC848CE17B8C8AC006EE867 /* SampleLib_InstancedViewports.cg */,
				CBC848CF17B8C8AC006EE867 /* SampleLib_InstancedViewports.glsl */,
				CBC848D017B8C8AC006EE867 /* SampleLib_InstancedViewports.hlsl */,
				CBC848D117B8C8AC006EE867 /* SampleLib_ReflectionMap.cg */,
				CBC848D217B8C8AC006EE867 /* SampleLib_ReflectionMap.glsl */,
				CBC848D317B8C8AC006EE867 /* SampleLib_ReflectionMap.glsles */,
				CBC848D417B8C8AC006EE867 /* SampleLib_ReflectionMap.hlsl */,
				CBC848D517B8C8AC006EE867 /* SGXLib_IntegratedPSSM.cg */,
				CBC848D617B8C8AC006EE867 /* SGXLib_IntegratedPSSM.glsl */,
				CBC848D717B8C8AC006EE867 /* SGXLib_IntegratedPSSM.glsles */,
				CBC848D817B8C8AC006EE867 /* SGXLib_IntegratedPSSM.hlsl */,
				CBC848D917B8C8AC006EE867 /* SGXLib_LayeredBlending.cg */,
				CBC848DA17B8C8AC006EE867 /* SGXLib_LayeredBlending.glsl */,
				CBC848DB17B8C8AC006EE867 /* SGXLib_LayeredBlending.glsles */,
				CBC848DC17B8C8AC006EE867 /* SGXLib_LayeredBlending.hlsl */,
				CBC848DD17B8C8AC006EE867 /* SGXLib_NormalMapLighting.cg */,
				CBC848DE17B8C8AC006EE867 /* SGXLib_NormalMapLighting.glsl */,
				CBC848DF17B8C8AC006EE867 /* SGXLib_NormalMapLighting.glsles */,
				CBC848E017B8C8AC006EE867 /* SGXLib_NormalMapLighting.hlsl */,
				CBC848E117B8C8AC006EE867 /* SGXLib_PerPixelLighting.cg */,
				CBC848E217B8C8AC006EE867 /* SGXLib_PerPixelLighting.glsl */,
				CBC848E317B8C8AC006EE867 /* SGXLib_PerPixelLighting.glsles */,
				CBC848E417B8C8AC006EE867 /* SGXLib_PerPixelLighting.hlsl */,
				CBC848E517B8C8AC006EE867 /* SGXLib_TextureAtlas.cg */,
				CBC848E617B8C8AC006EE867 /* SGXLib_TextureAtlas.glsl */,
				CBC848E717B8C8AC006EE867 /* SGXLib_TextureAtlas.glsles */,
				CBC848E817B8C8AC006EE867 /* SGXLib_TextureAtlas.hlsl */,
			);
			path = RTShaderLib;
			sourceTree = "<group>";
		};
		CBC848CA17B8C8AC006EE867 /* materials */ = {
			isa = PBXGroup;
			children = (
				CBC848CB17B8C8AC006EE867 /* HardwareSkinningShadow.cg */,
				CBC848CC17B8C8AC006EE867 /* HardwareSkinningShadow.material */,
				CBC848CD17B8C8AC006EE867 /* RTShaderSystem.material */,
			);
			path = materials;
			sourceTree = "<group>";
		};
		CBC848F617B8CD4E006EE867 /* Host application */ = {
			isa = PBXGroup;
			children = (
				CBC848F717B8CE41006EE867 /* AppDelegate.mm */,
				CBC8489C17B8C8AB006EE867 /* AppDelegate.h */,
			);
			name = "Host application";
			sourceTree = "<group>";
		};
/* End PBXGroup section */

/* Begin PBXNativeTarget section */
		CBC8488417B8C8AB006EE867 /* OgreExistingView */ = {
			isa = PBXNativeTarget;
			buildConfigurationList = CBC848F117B8C8AC006EE867 /* Build configuration list for PBXNativeTarget "OgreExistingView" */;
			buildPhases = (
				CBC8488017B8C8AB006EE867 /* Sources */,
				CBC8488117B8C8AB006EE867 /* Frameworks */,
				CBC8488217B8C8AB006EE867 /* Resources */,
				CBC8488317B8C8AB006EE867 /* ShellScript */,
			);
			buildRules = (
			);
			dependencies = (
			);
			name = OgreExistingView;
			productName = OgreExistingView;
			productReference = CBC8488517B8C8AB006EE867 /* OgreExistingView.app */;
			productType = "com.apple.product-type.application";
		};
/* End PBXNativeTarget section */

/* Begin PBXProject section */
		CBC8487C17B8C8AB006EE867 /* Project object */ = {
			isa = PBXProject;
			attributes = {
				LastUpgradeCheck = 0460;
			};
			buildConfigurationList = CBC8487F17B8C8AB006EE867 /* Build configuration list for PBXProject "OgreExistingView" */;
			compatibilityVersion = "Xcode 3.2";
			developmentRegion = English;
			hasScannedForEncodings = 0;
			knownRegions = (
				en,
			);
			mainGroup = CBC8487B17B8C8AB006EE867;
			productRefGroup = CBC8488617B8C8AB006EE867 /* Products */;
			projectDirPath = "";
			projectRoot = "";
			targets = (
				CBC8488417B8C8AB006EE867 /* OgreExistingView */,
			);
		};
/* End PBXProject section */

/* Begin PBXResourcesBuildPhase section */
		CBC8488217B8C8AB006EE867 /* Resources */ = {
			isa = PBXResourcesBuildPhase;
			buildActionMask = 2147483647;
			files = (
				CBC8489817B8C8AB006EE867 /* InfoPlist.strings in Resources */,
				CBC848EA17B8C8AC006EE867 /* ogre.cfg in Resources */,
				CBC848EC17B8C8AC006EE867 /* plugins.cfg in Resources */,
				CBC848EE17B8C8AC006EE867 /* resources.cfg in Resources */,
			);
			runOnlyForDeploymentPostprocessing = 0;
		};
/* End PBXResourcesBuildPhase section */

/* Begin PBXShellScriptBuildPhase section */
		CBC8488317B8C8AB006EE867 /* ShellScript */ = {
			isa = PBXShellScriptBuildPhase;
			buildActionMask = 2147483647;
			files = (
			);
			inputPaths = (
			);
			outputPaths = (
			);
			runOnlyForDeploymentPostprocessing = 0;
			shellPath = /bin/bash;
			shellScript = "# This shell script simply copies resources into their respective locations\nditto \"$PROJECT_DIR/$PROJECT_NAME/media/\" \"$BUILT_PRODUCTS_DIR/OgreExistingView.app/media/\"\nditto $PROJECT_DIR/$PROJECT_NAME/*.cfg \"$BUILT_PRODUCTS_DIR/OgreExistingView.app/\"\n";
		};
/* End PBXShellScriptBuildPhase section */

/* Begin PBXSourcesBuildPhase section */
		CBC8488017B8C8AB006EE867 /* Sources */ = {
			isa = PBXSourcesBuildPhase;
			buildActionMask = 2147483647;
			files = (
				CBC8489A17B8C8AB006EE867 /* main.mm in Sources */,
				CBC8489E17B8C8AB006EE867 /* OgreDemoApp.cpp in Sources */,
				CBC848A117B8C8AB006EE867 /* OgreFramework.cpp in Sources */,
				CBC848F817B8CE41006EE867 /* AppDelegate.mm in Sources */,
			);
			runOnlyForDeploymentPostprocessing = 0;
		};
/* End PBXSourcesBuildPhase section */

/* Begin PBXVariantGroup section */
		CBC8489617B8C8AB006EE867 /* InfoPlist.strings */ = {
			isa = PBXVariantGroup;
			children = (
				CBC8489717B8C8AB006EE867 /* en */,
			);
			name = InfoPlist.strings;
			sourceTree = "<group>";
		};
/* End PBXVariantGroup section */

/* Begin XCBuildConfiguration section */
		CBC848EF17B8C8AC006EE867 /* Debug */ = {
			isa = XCBuildConfiguration;
			buildSettings = {
				ARCHS = "$(ARCHS_STANDARD_32_BIT)";
				"CODE_SIGN_IDENTITY[sdk=iphoneos*]" = "iPhone Developer";
				COPY_PHASE_STRIP = NO;
				GCC_INLINES_ARE_PRIVATE_EXTERN = No;
				GCC_PRECOMPILE_PREFIX_HEADER = YES;
				GCC_PREFIX_HEADER = "OgreExistingView/OgreExistingView-Prefix.pch";
				GCC_SYMBOLS_PRIVATE_EXTERN = No;
				GCC_THUMB_SUPPORT = "";
				INFOPLIST_FILE = "OgreExistingView/OgreExistingView-Info.plist";
				IPHONEOS_DEPLOYMENT_TARGET = 6.1;
				LIBRARY_SEARCH_PATHS = (
					"\"$(OGRE_SDK_ROOT)/lib/Release\"",
					"\"$(OGRE_SDK_ROOT)/iOSDependencies/lib/release\"",
					"\"$(OGRE_SDK_ROOT)/iOSDependencies/lib\"",
				);
				OGRE_SDK_ROOT = "$(PROJECT_DIR)/../3rd-party/OgreSDK";
				PRODUCT_NAME = "$(TARGET_NAME)";
				SDKROOT = iphoneos;
				TARGETED_DEVICE_FAMILY = "1,2";
				WRAPPER_EXTENSION = app;
			};
			name = Debug;
		};
		CBC848F017B8C8AC006EE867 /* Release */ = {
			isa = XCBuildConfiguration;
			buildSettings = {
				ARCHS = "$(ARCHS_STANDARD_32_BIT)";
				"CODE_SIGN_IDENTITY[sdk=iphoneos*]" = "iPhone Developer";
				COPY_PHASE_STRIP = YES;
				DEBUG_INFORMATION_FORMAT = "dwarf-with-dsym";
				GCC_INLINES_ARE_PRIVATE_EXTERN = No;
				GCC_PRECOMPILE_PREFIX_HEADER = YES;
				GCC_PREFIX_HEADER = "OgreExistingView/OgreExistingView-Prefix.pch";
				GCC_SYMBOLS_PRIVATE_EXTERN = No;
				GCC_THUMB_SUPPORT = "";
				INFOPLIST_FILE = "OgreExistingView/OgreExistingView-Info.plist";
				IPHONEOS_DEPLOYMENT_TARGET = 6.1;
				LIBRARY_SEARCH_PATHS = (
					"\"$(OGRE_SDK_ROOT)/lib/Release\"",
					"\"$(OGRE_SDK_ROOT)/iOSDependencies/lib/release\"",
					"\"$(OGRE_SDK_ROOT)/iOSDependencies/lib\"",
				);
				OGRE_SDK_ROOT = "$(PROJECT_DIR)/../3rd-party/OgreSDK";
				PRODUCT_NAME = "$(TARGET_NAME)";
				SDKROOT = iphoneos;
				TARGETED_DEVICE_FAMILY = "1,2";
				WRAPPER_EXTENSION = app;
			};
			name = Release;
		};
		CBC848F217B8C8AC006EE867 /* Debug */ = {
			isa = XCBuildConfiguration;
			buildSettings = {
				HEADER_SEARCH_PATHS = (
					"\"$(OGRE_SDK_ROOT)/include/OGRE\"",
					"\"$(OGRE_SDK_ROOT)/include/OGRE/RenderSystems/GLES2\"",
					"\"$(OGRE_SDK_ROOT)/include/OGRE/RTShaderSystem\"",
					"\"$(OGRE_SDK_ROOT)/include/OGRE/iOS\"",
					"\"$(OGRE_SDK_ROOT)/include\"",
					"\"$(OGRE_SDK_ROOT)/include/OIS\"",
					"\"$(OGRE_SDK_ROOT)/iOSDependencies/include\"",
				);
				OTHER_CFLAGS = "-DOGRE_USE_GLES2=1";
				OTHER_LDFLAGS = (
					"-lOIS",
					"-lOgreMainStatic",
					"-lRenderSystem_GLES2Static",
					"-lOgreRTShaderSystemStatic",
					"-lmesaglsl2",
					"-lboost_system",
					"-lboost_chrono",
					"-lboost_date_time",
					"-lboost_thread",
					"-lFreeType",
					"-lFreeImage",
					"-lzzip",
					"-lz",
				);
			};
			name = Debug;
		};
		CBC848F317B8C8AC006EE867 /* Release */ = {
			isa = XCBuildConfiguration;
			buildSettings = {
				HEADER_SEARCH_PATHS = (
					"\"$(OGRE_SDK_ROOT)/include/OGRE\"",
					"\"$(OGRE_SDK_ROOT)/include/OGRE/RenderSystems/GLES2\"",
					"\"$(OGRE_SDK_ROOT)/include/OGRE/RTShaderSystem\"",
					"\"$(OGRE_SDK_ROOT)/include/OGRE/iOS\"",
					"\"$(OGRE_SDK_ROOT)/include\"",
					"\"$(OGRE_SDK_ROOT)/include/OIS\"",
					"\"$(OGRE_SDK_ROOT)/iOSDependencies/include\"",
				);
				OTHER_CFLAGS = "-DOGRE_USE_GLES2=1";
				OTHER_LDFLAGS = (
					"-lOIS",
					"-lOgreMainStatic",
					"-lRenderSystem_GLES2Static",
					"-lOgreRTShaderSystemStatic",
					"-lmesaglsl2",
					"-lboost_system",
					"-lboost_chrono",
					"-lboost_date_time",
					"-lboost_thread",
					"-lFreeType",
					"-lFreeImage",
					"-lzzip",
					"-lz",
				);
			};
			name = Release;
		};
/* End XCBuildConfiguration section */

/* Begin XCConfigurationList section */
		CBC8487F17B8C8AB006EE867 /* Build configuration list for PBXProject "OgreExistingView" */ = {
			isa = XCConfigurationList;
			buildConfigurations = (
				CBC848EF17B8C8AC006EE867 /* Debug */,
				CBC848F017B8C8AC006EE867 /* Release */,
			);
			defaultConfigurationIsVisible = 0;
			defaultConfigurationName = Release;
		};
		CBC848F117B8C8AC006EE867 /* Build configuration list for PBXNativeTarget "OgreExistingView" */ = {
			isa = XCConfigurationList;
			buildConfigurations = (
				CBC848F217B8C8AC006EE867 /* Debug */,
				CBC848F317B8C8AC006EE867 /* Release */,
			);
			defaultConfigurationIsVisible = 0;
		};
/* End XCConfigurationList section */
	};
	rootObject = CBC8487C17B8C8AB006EE867 /* Project object */;
}
